
Microsoft Visual Studio Solution File, Format Version 12.00
# Visual Studio Version 16
VisualStudioVersion = 16.0.30413.136
MinimumVisualStudioVersion = 10.0.40219.1
Project("{FAE04EC0-301F-11D3-BF4B-00C04F79EFBC}") = "FactoryPatternExercise", "FactoryPatternExercise\FactoryPatternExercise.csproj", "{49CE23C0-9F36-42B0-9B05-7107A32FDBAA}"
EndProject
Global
	GlobalSection(SolutionConfigurationPlatforms) = preSolution
		Debug|Any CPU = Debug|Any CPU
		Release|Any CPU = Release|Any CPU
	EndGlobalSection
	GlobalSection(ProjectConfigurationPlatforms) = postSolution
		{49CE23C0-9F36-42B0-9B05-7107A32FDBAA}.Debug|Any CPU.ActiveCfg = Debug|Any CPU
		{49CE23C0-9F36-42B0-9B05-7107A32FDBAA}.Debug|Any CPU.Build.0 = Debug|Any CPU
		{49CE23C0-9F36-42B0-9B05-7107A32FDBAA}.Release|Any CPU.ActiveCfg = Release|Any CPU
		{49CE23C0-9F36-42B0-9B05-7107A32FDBAA}.Release|Any CPU.Build.0 = Release|Any CPU
	EndGlobalSection
	GlobalSection(SolutionProperties) = preSolution
		HideSolutionNode = FALSE
	EndGlobalSection
	GlobalSection(ExtensibilityGlobals) = postSolution
		SolutionGuid = {936273C0-A490-4B6E-8578-D77DCD9CF6DF}
	EndGlobalSection
EndGlobal
